// !$*UTF8*$!
{
	archiveVersion = 1;
	classes = {
	};
	objectVersion = 50;
	objects = {

/* Begin PBXBuildFile section */
		672542C622DE50D50085AEA1 /* AppDelegate.swift in Sources */ = {isa = PBXBuildFile; fileRef = 672542C522DE50D50085AEA1 /* AppDelegate.swift */; };
		672542C822DE50D50085AEA1 /* ViewController.swift in Sources */ = {isa = PBXBuildFile; fileRef = 672542C722DE50D50085AEA1 /* ViewController.swift */; };
		672542CB22DE50D50085AEA1 /* Main.storyboard in Resources */ = {isa = PBXBuildFile; fileRef = 672542C922DE50D50085AEA1 /* Main.storyboard */; };
		672542CE22DE50D50085AEA1 /* To_Do_Manager.xcdatamodeld in Sources */ = {isa = PBXBuildFile; fileRef = 672542CC22DE50D50085AEA1 /* To_Do_Manager.xcdatamodeld */; };
		672542D022DE50D80085AEA1 /* Assets.xcassets in Resources */ = {isa = PBXBuildFile; fileRef = 672542CF22DE50D80085AEA1 /* Assets.xcassets */; };
		672542D322DE50D80085AEA1 /* LaunchScreen.storyboard in Resources */ = {isa = PBXBuildFile; fileRef = 672542D122DE50D80085AEA1 /* LaunchScreen.storyboard */; };
		672542DC22DE53260085AEA1 /* TableViewCell.swift in Sources */ = {isa = PBXBuildFile; fileRef = 672542DA22DE53260085AEA1 /* TableViewCell.swift */; };
		672542DD22DE53260085AEA1 /* TableViewCell.xib in Resources */ = {isa = PBXBuildFile; fileRef = 672542DB22DE53260085AEA1 /* TableViewCell.xib */; };
		672542DF22DE637F0085AEA1 /* TaskService.swift in Sources */ = {isa = PBXBuildFile; fileRef = 672542DE22DE637F0085AEA1 /* TaskService.swift */; };
		672542E222DE65750085AEA1 /* Task+CoreDataClass.swift in Sources */ = {isa = PBXBuildFile; fileRef = 672542E022DE65750085AEA1 /* Task+CoreDataClass.swift */; };
		672542E322DE65750085AEA1 /* Task+CoreDataProperties.swift in Sources */ = {isa = PBXBuildFile; fileRef = 672542E122DE65750085AEA1 /* Task+CoreDataProperties.swift */; };
		67A5F91822E090DA00A44924 /* Extensions.swift in Sources */ = {isa = PBXBuildFile; fileRef = 67A5F91722E090DA00A44924 /* Extensions.swift */; };
		67A5F91F22E0A1EC00A44924 /* Notification+CoreDataClass.swift in Sources */ = {isa = PBXBuildFile; fileRef = 67A5F91D22E0A1EC00A44924 /* Notification+CoreDataClass.swift */; };
		67A5F92022E0A1EC00A44924 /* Notification+CoreDataProperties.swift in Sources */ = {isa = PBXBuildFile; fileRef = 67A5F91E22E0A1EC00A44924 /* Notification+CoreDataProperties.swift */; };
/* End PBXBuildFile section */

/* Begin PBXFileReference section */
		672542C222DE50D50085AEA1 /* To-Do Manager.app */ = {isa = PBXFileReference; explicitFileType = wrapper.application; includeInIndex = 0; path = "To-Do Manager.app"; sourceTree = BUILT_PRODUCTS_DIR; };
		672542C522DE50D50085AEA1 /* AppDelegate.swift */ = {isa = PBXFileReference; lastKnownFileType = sourcecode.swift; path = AppDelegate.swift; sourceTree = "<group>"; };
		672542C722DE50D50085AEA1 /* ViewController.swift */ = {isa = PBXFileReference; lastKnownFileType = sourcecode.swift; path = ViewController.swift; sourceTree = "<group>"; };
		672542CA22DE50D50085AEA1 /* Base */ = {isa = PBXFileReference; lastKnownFileType = file.storyboard; name = Base; path = Base.lproj/Main.storyboard; sourceTree = "<group>"; };
		672542CD22DE50D50085AEA1 /* To_Do_Manager.xcdatamodel */ = {isa = PBXFileReference; lastKnownFileType = wrapper.xcdatamodel; path = To_Do_Manager.xcdatamodel; sourceTree = "<group>"; };
		672542CF22DE50D80085AEA1 /* Assets.xcassets */ = {isa = PBXFileReference; lastKnownFileType = folder.assetcatalog; path = Assets.xcassets; sourceTree = "<group>"; };
		672542D222DE50D80085AEA1 /* Base */ = {isa = PBXFileReference; lastKnownFileType = file.storyboard; name = Base; path = Base.lproj/LaunchScreen.storyboard; sourceTree = "<group>"; };
		672542D422DE50D80085AEA1 /* Info.plist */ = {isa = PBXFileReference; lastKnownFileType = text.plist.xml; path = Info.plist; sourceTree = "<group>"; };
		672542DA22DE53260085AEA1 /* TableViewCell.swift */ = {isa = PBXFileReference; lastKnownFileType = sourcecode.swift; path = TableViewCell.swift; sourceTree = "<group>"; };
		672542DB22DE53260085AEA1 /* TableViewCell.xib */ = {isa = PBXFileReference; lastKnownFileType = file.xib; path = TableViewCell.xib; sourceTree = "<group>"; };
		672542DE22DE637F0085AEA1 /* TaskService.swift */ = {isa = PBXFileReference; lastKnownFileType = sourcecode.swift; path = TaskService.swift; sourceTree = "<group>"; };
		672542E022DE65750085AEA1 /* Task+CoreDataClass.swift */ = {isa = PBXFileReference; lastKnownFileType = sourcecode.swift; path = "Task+CoreDataClass.swift"; sourceTree = "<group>"; };
		672542E122DE65750085AEA1 /* Task+CoreDataProperties.swift */ = {isa = PBXFileReference; lastKnownFileType = sourcecode.swift; path = "Task+CoreDataProperties.swift"; sourceTree = "<group>"; };
		67A5F91722E090DA00A44924 /* Extensions.swift */ = {isa = PBXFileReference; lastKnownFileType = sourcecode.swift; path = Extensions.swift; sourceTree = "<group>"; };
		67A5F91D22E0A1EC00A44924 /* Notification+CoreDataClass.swift */ = {isa = PBXFileReference; lastKnownFileType = sourcecode.swift; path = "Notification+CoreDataClass.swift"; sourceTree = "<group>"; };
		67A5F91E22E0A1EC00A44924 /* Notification+CoreDataProperties.swift */ = {isa = PBXFileReference; lastKnownFileType = sourcecode.swift; path = "Notification+CoreDataProperties.swift"; sourceTree = "<group>"; };
/* End PBXFileReference section */

/* Begin PBXFrameworksBuildPhase section */
		672542BF22DE50D50085AEA1 /* Frameworks */ = {
			isa = PBXFrameworksBuildPhase;
			buildActionMask = 2147483647;
			files = (
			);
			runOnlyForDeploymentPostprocessing = 0;
		};
/* End PBXFrameworksBuildPhase section */

/* Begin PBXGroup section */
		672542B922DE50D50085AEA1 = {
			isa = PBXGroup;
			children = (
				672542C422DE50D50085AEA1 /* To-Do Manager */,
				672542C322DE50D50085AEA1 /* Products */,
			);
			sourceTree = "<group>";
		};
		672542C322DE50D50085AEA1 /* Products */ = {
			isa = PBXGroup;
			children = (
				672542C222DE50D50085AEA1 /* To-Do Manager.app */,
			);
			name = Products;
			sourceTree = "<group>";
		};
		672542C422DE50D50085AEA1 /* To-Do Manager */ = {
			isa = PBXGroup;
			children = (
				67A5F92222E0B29F00A44924 /* CellView */,
				67A5F92122E0B28100A44924 /* CoreData */,
				672542C522DE50D50085AEA1 /* AppDelegate.swift */,
				672542C722DE50D50085AEA1 /* ViewController.swift */,
				672542C922DE50D50085AEA1 /* Main.storyboard */,
				672542CF22DE50D80085AEA1 /* Assets.xcassets */,
				672542D122DE50D80085AEA1 /* LaunchScreen.storyboard */,
				672542D422DE50D80085AEA1 /* Info.plist */,
				672542CC22DE50D50085AEA1 /* To_Do_Manager.xcdatamodeld */,
				67A5F91722E090DA00A44924 /* Extensions.swift */,
			);
			path = "To-Do Manager";
			sourceTree = "<group>";
		};
		67A5F92122E0B28100A44924 /* CoreData */ = {
			isa = PBXGroup;
			children = (
				67A5F91D22E0A1EC00A44924 /* Notification+CoreDataClass.swift */,
				67A5F91E22E0A1EC00A44924 /* Notification+CoreDataProperties.swift */,
				672542E022DE65750085AEA1 /* Task+CoreDataClass.swift */,
				672542E122DE65750085AEA1 /* Task+CoreDataProperties.swift */,
				672542DE22DE637F0085AEA1 /* TaskService.swift */,
			);
			path = CoreData;
			sourceTree = "<group>";
		};
		67A5F92222E0B29F00A44924 /* CellView */ = {
			isa = PBXGroup;
			children = (
				672542DA22DE53260085AEA1 /* TableViewCell.swift */,
				672542DB22DE53260085AEA1 /* TableViewCell.xib */,
			);
			path = CellView;
			sourceTree = "<group>";
		};
/* End PBXGroup section */

/* Begin PBXNativeTarget section */
		672542C122DE50D50085AEA1 /* To-Do Manager */ = {
			isa = PBXNativeTarget;
			buildConfigurationList = 672542D722DE50D80085AEA1 /* Build configuration list for PBXNativeTarget "To-Do Manager" */;
			buildPhases = (
				672542BE22DE50D50085AEA1 /* Sources */,
				672542BF22DE50D50085AEA1 /* Frameworks */,
				672542C022DE50D50085AEA1 /* Resources */,
			);
			buildRules = (
			);
			dependencies = (
			);
			name = "To-Do Manager";
			productName = "To-Do Manager";
			productReference = 672542C222DE50D50085AEA1 /* To-Do Manager.app */;
			productType = "com.apple.product-type.application";
		};
/* End PBXNativeTarget section */

/* Begin PBXProject section */
		672542BA22DE50D50085AEA1 /* Project object */ = {
			isa = PBXProject;
			attributes = {
				LastSwiftUpdateCheck = 1010;
				LastUpgradeCheck = 1010;
				ORGANIZATIONNAME = "burak kaya";
				TargetAttributes = {
					672542C122DE50D50085AEA1 = {
						CreatedOnToolsVersion = 10.1;
					};
				};
			};
			buildConfigurationList = 672542BD22DE50D50085AEA1 /* Build configuration list for PBXProject "To-Do Manager" */;
			compatibilityVersion = "Xcode 9.3";
			developmentRegion = en;
			hasScannedForEncodings = 0;
			knownRegions = (
				en,
				Base,
			);
			mainGroup = 672542B922DE50D50085AEA1;
			productRefGroup = 672542C322DE50D50085AEA1 /* Products */;
			projectDirPath = "";
			projectRoot = "";
			targets = (
				672542C122DE50D50085AEA1 /* To-Do Manager */,
			);
		};
/* End PBXProject section */

/* Begin PBXResourcesBuildPhase section */
		672542C022DE50D50085AEA1 /* Resources */ = {
			isa = PBXResourcesBuildPhase;
			buildActionMask = 2147483647;
			files = (
				672542D322DE50D80085AEA1 /* LaunchScreen.storyboard in Resources */,
				672542DD22DE53260085AEA1 /* TableViewCell.xib in Resources */,
				672542D022DE50D80085AEA1 /* Assets.xcassets in Resources */,
				672542CB22DE50D50085AEA1 /* Main.storyboard in Resources */,
			);
			runOnlyForDeploymentPostprocessing = 0;
		};
/* End PBXResourcesBuildPhase section */

/* Begin PBXSourcesBuildPhase section */
		672542BE22DE50D50085AEA1 /* Sources */ = {
			isa = PBXSourcesBuildPhase;
			buildActionMask = 2147483647;
			files = (
				672542DF22DE637F0085AEA1 /* TaskService.swift in Sources */,
				672542CE22DE50D50085AEA1 /* To_Do_Manager.xcdatamodeld in Sources */,
				67A5F92022E0A1EC00A44924 /* Notification+CoreDataProperties.swift in Sources */,
				672542DC22DE53260085AEA1 /* TableViewCell.swift in Sources */,
				67A5F91822E090DA00A44924 /* Extensions.swift in Sources */,
				672542C822DE50D50085AEA1 /* ViewController.swift in Sources */,
				67A5F91F22E0A1EC00A44924 /* Notification+CoreDataClass.swift in Sources */,
				672542E322DE65750085AEA1 /* Task+CoreDataProperties.swift in Sources */,
				672542E222DE65750085AEA1 /* Task+CoreDataClass.swift in Sources */,
				672542C622DE50D50085AEA1 /* AppDelegate.swift in Sources */,
			);
			runOnlyForDeploymentPostprocessing = 0;
		};
/* End PBXSourcesBuildPhase section */

/* Begin PBXVariantGroup section */
		672542C922DE50D50085AEA1 /* Main.storyboard */ = {
			isa = PBXVariantGroup;
			children = (
				672542CA22DE50D50085AEA1 /* Base */,
			);
			name = Main.storyboard;
			sourceTree = "<group>";
		};
		672542D122DE50D80085AEA1 /* LaunchScreen.storyboard */ = {
			isa = PBXVariantGroup;
			children = (
				672542D222DE50D80085AEA1 /* Base */,
			);
			name = LaunchScreen.storyboard;
			sourceTree = "<group>";
		};
/* End PBXVariantGroup section */

/* Begin XCBuildConfiguration section */
		672542D522DE50D80085AEA1 /* Debug */ = {
			isa = XCBuildConfiguration;
			buildSettings = {
				ALWAYS_SEARCH_USER_PATHS = NO;
				CLANG_ANALYZER_NONNULL = YES;
				CLANG_ANALYZER_NUMBER_OBJECT_CONVERSION = YES_AGGRESSIVE;
				CLANG_CXX_LANGUAGE_STANDARD = "gnu++14";
				CLANG_CXX_LIBRARY = "libc++";
				CLANG_ENABLE_MODULES = YES;
				CLANG_ENABLE_OBJC_ARC = YES;
				CLANG_ENABLE_OBJC_WEAK = YES;
				CLANG_WARN_BLOCK_CAPTURE_AUTORELEASING = YES;
				CLANG_WARN_BOOL_CONVERSION = YES;
				CLANG_WARN_COMMA = YES;
				CLANG_WARN_CONSTANT_CONVERSION = YES;
				CLANG_WARN_DEPRECATED_OBJC_IMPLEMENTATIONS = YES;
				CLANG_WARN_DIRECT_OBJC_ISA_USAGE = YES_ERROR;
				CLANG_WARN_DOCUMENTATION_COMMENTS = YES;
				CLANG_WARN_EMPTY_BODY = YES;
				CLANG_WARN_ENUM_CONVERSION = YES;
				CLANG_WARN_INFINITE_RECURSION = YES;
				CLANG_WARN_INT_CONVERSION = YES;
				CLANG_WARN_NON_LITERAL_NULL_CONVERSION = YES;
				CLANG_WARN_OBJC_IMPLICIT_RETAIN_SELF = YES;
				CLANG_WARN_OBJC_LITERAL_CONVERSION = YES;
				CLANG_WARN_OBJC_ROOT_CLASS = YES_ERROR;
				CLANG_WARN_RANGE_LOOP_ANALYSIS = YES;
				CLANG_WARN_STRICT_PROTOTYPES = YES;
				CLANG_WARN_SUSPICIOUS_MOVE = YES;
				CLANG_WARN_UNGUARDED_AVAILABILITY = YES_AGGRESSIVE;
				CLANG_WARN_UNREACHABLE_CODE = YES;
				CLANG_WARN__DUPLICATE_METHOD_MATCH = YES;
				CODE_SIGN_IDENTITY = "iPhone Developer";
				COPY_PHASE_STRIP = NO;
				DEBUG_INFORMATION_FORMAT = dwarf;
				ENABLE_STRICT_OBJC_MSGSEND = YES;
				ENABLE_TESTABILITY = YES;
				GCC_C_LANGUAGE_STANDARD = gnu11;
				GCC_DYNAMIC_NO_PIC = NO;
				GCC_NO_COMMON_BLOCKS = YES;
				GCC_OPTIMIZATION_LEVEL = 0;
				GCC_PREPROCESSOR_DEFINITIONS = (
					"DEBUG=1",
					"$(inherited)",
				);
				GCC_WARN_64_TO_32_BIT_CONVERSION = YES;
				GCC_WARN_ABOUT_RETURN_TYPE = YES_ERROR;
				GCC_WARN_UNDECLARED_SELECTOR = YES;
				GCC_WARN_UNINITIALIZED_AUTOS = YES_AGGRESSIVE;
				GCC_WARN_UNUSED_FUNCTION = YES;
				GCC_WARN_UNUSED_VARIABLE = YES;
				IPHONEOS_DEPLOYMENT_TARGET = 12.1;
				MTL_ENABLE_DEBUG_INFO = INCLUDE_SOURCE;
				MTL_FAST_MATH = YES;
				ONLY_ACTIVE_ARCH = YES;
				SDKROOT = iphoneos;
				SWIFT_ACTIVE_COMPILATION_CONDITIONS = DEBUG;
				SWIFT_OPTIMIZATION_LEVEL = "-Onone";
			};
			name = Debug;
		};
		672542D622DE50D80085AEA1 /* Release */ = {
			isa = XCBuildConfiguration;
			buildSettings = {
				ALWAYS_SEARCH_USER_PATHS = NO;
				CLANG_ANALYZER_NONNULL = YES;
				CLANG_ANALYZER_NUMBER_OBJECT_CONVERSION = YES_AGGRESSIVE;
				CLANG_CXX_LANGUAGE_STANDARD = "gnu++14";
				CLANG_CXX_LIBRARY = "libc++";
				CLANG_ENABLE_MODULES = YES;
				CLANG_ENABLE_OBJC_ARC = YES;
				CLANG_ENABLE_OBJC_WEAK = YES;
				CLANG_WARN_BLOCK_CAPTURE_AUTORELEASING = YES;
				CLANG_WARN_BOOL_CONVERSION = YES;
				CLANG_WARN_COMMA = YES;
				CLANG_WARN_CONSTANT_CONVERSION = YES;
				CLANG_WARN_DEPRECATED_OBJC_IMPLEMENTATIONS = YES;
				CLANG_WARN_DIRECT_OBJC_ISA_USAGE = YES_ERROR;
				CLANG_WARN_DOCUMENTATION_COMMENTS = YES;
				CLANG_WARN_EMPTY_BODY = YES;
				CLANG_WARN_ENUM_CONVERSION = YES;
				CLANG_WARN_INFINITE_RECURSION = YES;
				CLANG_WARN_INT_CONVERSION = YES;
				CLANG_WARN_NON_LITERAL_NULL_CONVERSION = YES;
				CLANG_WARN_OBJC_IMPLICIT_RETAIN_SELF = YES;
				CLANG_WARN_OBJC_LITERAL_CONVERSION = YES;
				CLANG_WARN_OBJC_ROOT_CLASS = YES_ERROR;
				CLANG_WARN_RANGE_LOOP_ANALYSIS = YES;
				CLANG_WARN_STRICT_PROTOTYPES = YES;
				CLANG_WARN_SUSPICIOUS_MOVE = YES;
				CLANG_WARN_UNGUARDED_AVAILABILITY = YES_AGGRESSIVE;
				CLANG_WARN_UNREACHABLE_CODE = YES;
				CLANG_WARN__DUPLICATE_METHOD_MATCH = YES;
				CODE_SIGN_IDENTITY = "iPhone Developer";
				COPY_PHASE_STRIP = NO;
				DEBUG_INFORMATION_FORMAT = "dwarf-with-dsym";
				ENABLE_NS_ASSERTIONS = NO;
				ENABLE_STRICT_OBJC_MSGSEND = YES;
				GCC_C_LANGUAGE_STANDARD = gnu11;
				GCC_NO_COMMON_BLOCKS = YES;
				GCC_WARN_64_TO_32_BIT_CONVERSION = YES;
				GCC_WARN_ABOUT_RETURN_TYPE = YES_ERROR;
				GCC_WARN_UNDECLARED_SELECTOR = YES;
				GCC_WARN_UNINITIALIZED_AUTOS = YES_AGGRESSIVE;
				GCC_WARN_UNUSED_FUNCTION = YES;
				GCC_WARN_UNUSED_VARIABLE = YES;
				IPHONEOS_DEPLOYMENT_TARGET = 12.1;
				MTL_ENABLE_DEBUG_INFO = NO;
				MTL_FAST_MATH = YES;
				SDKROOT = iphoneos;
				SWIFT_COMPILATION_MODE = wholemodule;
				SWIFT_OPTIMIZATION_LEVEL = "-O";
				VALIDATE_PRODUCT = YES;
			};
			name = Release;
		};
		672542D822DE50D80085AEA1 /* Debug */ = {
			isa = XCBuildConfiguration;
			buildSettings = {
				ASSETCATALOG_COMPILER_APPICON_NAME = AppIcon;
				CODE_SIGN_STYLE = Automatic;
				DEVELOPMENT_TEAM = 7UJ425XN7W;
				INFOPLIST_FILE = "To-Do Manager/Info.plist";
				IPHONEOS_DEPLOYMENT_TARGET = 10.0;
				LD_RUNPATH_SEARCH_PATHS = (
					"$(inherited)",
					"@executable_path/Frameworks",
				);
				PRODUCT_BUNDLE_IDENTIFIER = "burak.To-Do-Manager";
				PRODUCT_NAME = "$(TARGET_NAME)";
				SWIFT_VERSION = 4.2;
				TARGETED_DEVICE_FAMILY = "1,2";
			};
			name = Debug;
		};
		672542D922DE50D80085AEA1 /* Release */ = {
			isa = XCBuildConfiguration;
			buildSettings = {
				ASSETCATALOG_COMPILER_APPICON_NAME = AppIcon;
				CODE_SIGN_STYLE = Automatic;
				DEVELOPMENT_TEAM = 7UJ425XN7W;
				INFOPLIST_FILE = "To-Do Manager/Info.plist";
				IPHONEOS_DEPLOYMENT_TARGET = 10.0;
				LD_RUNPATH_SEARCH_PATHS = (
					"$(inherited)",
					"@executable_path/Frameworks",
				);
				PRODUCT_BUNDLE_IDENTIFIER = "burak.To-Do-Manager";
				PRODUCT_NAME = "$(TARGET_NAME)";
				SWIFT_VERSION = 4.2;
				TARGETED_DEVICE_FAMILY = "1,2";
			};
			name = Release;
		};
/* End XCBuildConfiguration section */

/* Begin XCConfigurationList section */
		672542BD22DE50D50085AEA1 /* Build configuration list for PBXProject "To-Do Manager" */ = {
			isa = XCConfigurationList;
			buildConfigurations = (
				672542D522DE50D80085AEA1 /* Debug */,
				672542D622DE50D80085AEA1 /* Release */,
			);
			defaultConfigurationIsVisible = 0;
			defaultConfigurationName = Release;
		};
		672542D722DE50D80085AEA1 /* Build configuration list for PBXNativeTarget "To-Do Manager" */ = {
			isa = XCConfigurationList;
			buildConfigurations = (
				672542D822DE50D80085AEA1 /* Debug */,
				672542D922DE50D80085AEA1 /* Release */,
			);
			defaultConfigurationIsVisible = 0;
			defaultConfigurationName = Release;
		};
/* End XCConfigurationList section */

/* Begin XCVersionGroup section */
		672542CC22DE50D50085AEA1 /* To_Do_Manager.xcdatamodeld */ = {
			isa = XCVersionGroup;
			children = (
				672542CD22DE50D50085AEA1 /* To_Do_Manager.xcdatamodel */,
			);
			currentVersion = 672542CD22DE50D50085AEA1 /* To_Do_Manager.xcdatamodel */;
			path = To_Do_Manager.xcdatamodeld;
			sourceTree = "<group>";
			versionGroupType = wrapper.xcdatamodel;
		};
/* End XCVersionGroup section */
	};
	rootObject = 672542BA22DE50D50085AEA1 /* Project object */;
}
